
Microsoft Visual Studio Solution File, Format Version 12.00
Project("{2150E333-8FDC-42A3-9474-1A3956D46DE8}") = "libraries", "libraries", "{3F8058E4-7E2F-49D6-8684-B65F255BCD47}"
EndProject
Project("{2150E333-8FDC-42A3-9474-1A3956D46DE8}") = "src", "src", "{894D330E-DF2D-4D17-A3E6-D36E575905A7}"
EndProject
Project("{2150E333-8FDC-42A3-9474-1A3956D46DE8}") = "Core", "Core", "{DE406DCA-4147-4012-BE5D-774C0684A8AC}"
EndProject
Project("{FAE04EC0-301F-11D3-BF4B-00C04F79EFBC}") = "ThriveEventFlow", "libraries\Core\ThriveEventFlow\ThriveEventFlow.csproj", "{195BBE53-F3E9-4ECC-B52C-11148D0E986A}"
EndProject
Project("{FAE04EC0-301F-11D3-BF4B-00C04F79EFBC}") = "ThriveEventFlow.Producers", "libraries\Core\ThriveEventFlow.Producers\ThriveEventFlow.Producers.csproj", "{B3078811-1088-4E38-A53E-DAF55263A708}"
EndProject
Project("{FAE04EC0-301F-11D3-BF4B-00C04F79EFBC}") = "ThriveEventFlow.Subscriptions", "libraries\Core\ThriveEventFlow.Subscriptions\ThriveEventFlow.Subscriptions.csproj", "{C4B8D6C7-5130-41E8-A5F3-E0228920952C}"
EndProject
Project("{2150E333-8FDC-42A3-9474-1A3956D46DE8}") = "Diagnostics", "Diagnostics", "{D38994C4-F75F-4BC3-86FC-2013501A3820}"
EndProject
Project("{FAE04EC0-301F-11D3-BF4B-00C04F79EFBC}") = "ThriveEventFlow.Diagnostics.Logging", "libraries\Diagnostics\ThriveEventFlow.Diagnostics.Logging\ThriveEventFlow.Diagnostics.Logging.csproj", "{8F78A4B6-2B77-4819-9E81-121F91A2DD78}"
EndProject
Project("{FAE04EC0-301F-11D3-BF4B-00C04F79EFBC}") = "ThriveEventFlow.Diagnostics.OpenTelemetry", "libraries\Diagnostics\ThriveEventFlow.Diagnostics.OpenTelemetry\ThriveEventFlow.Diagnostics.OpenTelemetry.csproj", "{1C1D82C6-04DA-43FB-9FA1-525CEE67FB91}"
EndProject
Project("{2150E333-8FDC-42A3-9474-1A3956D46DE8}") = "Extensions", "Extensions", "{6DA35D87-65E3-446D-B719-E4FBA5D6E4CC}"
EndProject
Project("{FAE04EC0-301F-11D3-BF4B-00C04F79EFBC}") = "ThriveEventFlow.AspNetCore", "libraries\Extensions\ThriveEventFlow.AspNetCore\ThriveEventFlow.AspNetCore.csproj", "{9591C733-2C95-4C42-867E-370724C6CEFF}"
EndProject
Project("{FAE04EC0-301F-11D3-BF4B-00C04F79EFBC}") = "ThriveEventFlow.AspNetCore.Web", "libraries\Extensions\ThriveEventFlow.AspNetCore.Web\ThriveEventFlow.AspNetCore.Web.csproj", "{C07518F0-5398-465E-BB3D-12315A92E74E}"
EndProject
Project("{FAE04EC0-301F-11D3-BF4B-00C04F79EFBC}") = "ThriveEventFlow.Subscriptions.Polly", "libraries\Extensions\ThriveEventFlow.Subscriptions.Polly\ThriveEventFlow.Subscriptions.Polly.csproj", "{EC732101-B549-422C-BD7E-79CD5EDCA0F9}"
EndProject
Project("{2150E333-8FDC-42A3-9474-1A3956D46DE8}") = "Mongo", "Mongo", "{BEED299D-6AA8-40F8-86F5-4564BCF11EC3}"
EndProject
Project("{FAE04EC0-301F-11D3-BF4B-00C04F79EFBC}") = "ThriveEventFlow.Projections.MongoDB", "libraries\Mongo\ThriveEventFlow.Projections.MongoDB\ThriveEventFlow.Projections.MongoDB.csproj", "{26808C5A-4B3F-4E2D-9491-D12160302C42}"
EndProject
Project("{2150E333-8FDC-42A3-9474-1A3956D46DE8}") = "SqlServer", "SqlServer", "{63C3BE89-94A4-4709-9B6C-B2F1C6956F8F}"
EndProject
Project("{FAE04EC0-301F-11D3-BF4B-00C04F79EFBC}") = "ThriveEventFlow.SqlServer", "libraries\SqlServer\ThriveEventFlow.SqlServer\ThriveEventFlow.SqlServer.csproj", "{1CDA4C2D-D706-4858-B7A7-0E5CAB6BB151}"
EndProject
Global
	GlobalSection(SolutionConfigurationPlatforms) = preSolution
		Debug|Any CPU = Debug|Any CPU
		Release|Any CPU = Release|Any CPU
	EndGlobalSection
	GlobalSection(NestedProjects) = preSolution
		{DE406DCA-4147-4012-BE5D-774C0684A8AC} = {3F8058E4-7E2F-49D6-8684-B65F255BCD47}
		{195BBE53-F3E9-4ECC-B52C-11148D0E986A} = {DE406DCA-4147-4012-BE5D-774C0684A8AC}
		{B3078811-1088-4E38-A53E-DAF55263A708} = {DE406DCA-4147-4012-BE5D-774C0684A8AC}
		{C4B8D6C7-5130-41E8-A5F3-E0228920952C} = {DE406DCA-4147-4012-BE5D-774C0684A8AC}
		{D38994C4-F75F-4BC3-86FC-2013501A3820} = {3F8058E4-7E2F-49D6-8684-B65F255BCD47}
		{8F78A4B6-2B77-4819-9E81-121F91A2DD78} = {D38994C4-F75F-4BC3-86FC-2013501A3820}
		{1C1D82C6-04DA-43FB-9FA1-525CEE67FB91} = {D38994C4-F75F-4BC3-86FC-2013501A3820}
		{6DA35D87-65E3-446D-B719-E4FBA5D6E4CC} = {3F8058E4-7E2F-49D6-8684-B65F255BCD47}
		{9591C733-2C95-4C42-867E-370724C6CEFF} = {6DA35D87-65E3-446D-B719-E4FBA5D6E4CC}
		{C07518F0-5398-465E-BB3D-12315A92E74E} = {6DA35D87-65E3-446D-B719-E4FBA5D6E4CC}
		{EC732101-B549-422C-BD7E-79CD5EDCA0F9} = {6DA35D87-65E3-446D-B719-E4FBA5D6E4CC}
		{BEED299D-6AA8-40F8-86F5-4564BCF11EC3} = {3F8058E4-7E2F-49D6-8684-B65F255BCD47}
		{26808C5A-4B3F-4E2D-9491-D12160302C42} = {BEED299D-6AA8-40F8-86F5-4564BCF11EC3}
		{63C3BE89-94A4-4709-9B6C-B2F1C6956F8F} = {3F8058E4-7E2F-49D6-8684-B65F255BCD47}
		{1CDA4C2D-D706-4858-B7A7-0E5CAB6BB151} = {63C3BE89-94A4-4709-9B6C-B2F1C6956F8F}
	EndGlobalSection
	GlobalSection(ProjectConfigurationPlatforms) = postSolution
		{195BBE53-F3E9-4ECC-B52C-11148D0E986A}.Debug|Any CPU.ActiveCfg = Debug|Any CPU
		{195BBE53-F3E9-4ECC-B52C-11148D0E986A}.Debug|Any CPU.Build.0 = Debug|Any CPU
		{195BBE53-F3E9-4ECC-B52C-11148D0E986A}.Release|Any CPU.ActiveCfg = Release|Any CPU
		{195BBE53-F3E9-4ECC-B52C-11148D0E986A}.Release|Any CPU.Build.0 = Release|Any CPU
		{B3078811-1088-4E38-A53E-DAF55263A708}.Debug|Any CPU.ActiveCfg = Debug|Any CPU
		{B3078811-1088-4E38-A53E-DAF55263A708}.Debug|Any CPU.Build.0 = Debug|Any CPU
		{B3078811-1088-4E38-A53E-DAF55263A708}.Release|Any CPU.ActiveCfg = Release|Any CPU
		{B3078811-1088-4E38-A53E-DAF55263A708}.Release|Any CPU.Build.0 = Release|Any CPU
		{C4B8D6C7-5130-41E8-A5F3-E0228920952C}.Debug|Any CPU.ActiveCfg = Debug|Any CPU
		{C4B8D6C7-5130-41E8-A5F3-E0228920952C}.Debug|Any CPU.Build.0 = Debug|Any CPU
		{C4B8D6C7-5130-41E8-A5F3-E0228920952C}.Release|Any CPU.ActiveCfg = Release|Any CPU
		{C4B8D6C7-5130-41E8-A5F3-E0228920952C}.Release|Any CPU.Build.0 = Release|Any CPU
		{8F78A4B6-2B77-4819-9E81-121F91A2DD78}.Debug|Any CPU.ActiveCfg = Debug|Any CPU
		{8F78A4B6-2B77-4819-9E81-121F91A2DD78}.Debug|Any CPU.Build.0 = Debug|Any CPU
		{8F78A4B6-2B77-4819-9E81-121F91A2DD78}.Release|Any CPU.ActiveCfg = Release|Any CPU
		{8F78A4B6-2B77-4819-9E81-121F91A2DD78}.Release|Any CPU.Build.0 = Release|Any CPU
		{1C1D82C6-04DA-43FB-9FA1-525CEE67FB91}.Debug|Any CPU.ActiveCfg = Debug|Any CPU
		{1C1D82C6-04DA-43FB-9FA1-525CEE67FB91}.Debug|Any CPU.Build.0 = Debug|Any CPU
		{1C1D82C6-04DA-43FB-9FA1-525CEE67FB91}.Release|Any CPU.ActiveCfg = Release|Any CPU
		{1C1D82C6-04DA-43FB-9FA1-525CEE67FB91}.Release|Any CPU.Build.0 = Release|Any CPU
		{9591C733-2C95-4C42-867E-370724C6CEFF}.Debug|Any CPU.ActiveCfg = Debug|Any CPU
		{9591C733-2C95-4C42-867E-370724C6CEFF}.Debug|Any CPU.Build.0 = Debug|Any CPU
		{9591C733-2C95-4C42-867E-370724C6CEFF}.Release|Any CPU.ActiveCfg = Release|Any CPU
		{9591C733-2C95-4C42-867E-370724C6CEFF}.Release|Any CPU.Build.0 = Release|Any CPU
		{C07518F0-5398-465E-BB3D-12315A92E74E}.Debug|Any CPU.ActiveCfg = Debug|Any CPU
		{C07518F0-5398-465E-BB3D-12315A92E74E}.Debug|Any CPU.Build.0 = Debug|Any CPU
		{C07518F0-5398-465E-BB3D-12315A92E74E}.Release|Any CPU.ActiveCfg = Release|Any CPU
		{C07518F0-5398-465E-BB3D-12315A92E74E}.Release|Any CPU.Build.0 = Release|Any CPU
		{EC732101-B549-422C-BD7E-79CD5EDCA0F9}.Debug|Any CPU.ActiveCfg = Debug|Any CPU
		{EC732101-B549-422C-BD7E-79CD5EDCA0F9}.Debug|Any CPU.Build.0 = Debug|Any CPU
		{EC732101-B549-422C-BD7E-79CD5EDCA0F9}.Release|Any CPU.ActiveCfg = Release|Any CPU
		{EC732101-B549-422C-BD7E-79CD5EDCA0F9}.Release|Any CPU.Build.0 = Release|Any CPU
		{26808C5A-4B3F-4E2D-9491-D12160302C42}.Debug|Any CPU.ActiveCfg = Debug|Any CPU
		{26808C5A-4B3F-4E2D-9491-D12160302C42}.Debug|Any CPU.Build.0 = Debug|Any CPU
		{26808C5A-4B3F-4E2D-9491-D12160302C42}.Release|Any CPU.ActiveCfg = Release|Any CPU
		{26808C5A-4B3F-4E2D-9491-D12160302C42}.Release|Any CPU.Build.0 = Release|Any CPU
		{1CDA4C2D-D706-4858-B7A7-0E5CAB6BB151}.Debug|Any CPU.ActiveCfg = Debug|Any CPU
		{1CDA4C2D-D706-4858-B7A7-0E5CAB6BB151}.Debug|Any CPU.Build.0 = Debug|Any CPU
		{1CDA4C2D-D706-4858-B7A7-0E5CAB6BB151}.Release|Any CPU.ActiveCfg = Release|Any CPU
		{1CDA4C2D-D706-4858-B7A7-0E5CAB6BB151}.Release|Any CPU.Build.0 = Release|Any CPU
	EndGlobalSection
EndGlobal
